
Microsoft Visual Studio Solution File, Format Version 12.00
# Visual Studio 15
VisualStudioVersion = 15.0.26124.0
MinimumVisualStudioVersion = 15.0.26124.0
Project("{2150E333-8FDC-42A3-9474-1A3956D46DE8}") = "src", "src", "{E9661726-22E2-4904-9DFA-7139B3775FC6}"
EndProject
Project("{FAE04EC0-301F-11D3-BF4B-00C04F79EFBC}") = "CustomCli", "src\CustomCli\CustomCli.csproj", "{D5E50438-F7DE-4D56-85BC-0AC9A37598A4}"
EndProject
Global
	GlobalSection(SolutionConfigurationPlatforms) = preSolution
		Debug|Any CPU = Debug|Any CPU
		Debug|x64 = Debug|x64
		Debug|x86 = Debug|x86
		Release|Any CPU = Release|Any CPU
		Release|x64 = Release|x64
		Release|x86 = Release|x86
	EndGlobalSection
	GlobalSection(SolutionProperties) = preSolution
		HideSolutionNode = FALSE
	EndGlobalSection
	GlobalSection(ProjectConfigurationPlatforms) = postSolution
		{37575A41-CE38-4BD7-B7E0-4465C895EE42}.Debug|Any CPU.ActiveCfg = Debug|Any CPU
		{37575A41-CE38-4BD7-B7E0-4465C895EE42}.Debug|Any CPU.Build.0 = Debug|Any CPU
		{37575A41-CE38-4BD7-B7E0-4465C895EE42}.Debug|x64.ActiveCfg = Debug|Any CPU
		{37575A41-CE38-4BD7-B7E0-4465C895EE42}.Debug|x64.Build.0 = Debug|Any CPU
		{37575A41-CE38-4BD7-B7E0-4465C895EE42}.Debug|x86.ActiveCfg = Debug|Any CPU
		{37575A41-CE38-4BD7-B7E0-4465C895EE42}.Debug|x86.Build.0 = Debug|Any CPU
		{37575A41-CE38-4BD7-B7E0-4465C895EE42}.Release|Any CPU.ActiveCfg = Release|Any CPU
		{37575A41-CE38-4BD7-B7E0-4465C895EE42}.Release|Any CPU.Build.0 = Release|Any CPU
		{37575A41-CE38-4BD7-B7E0-4465C895EE42}.Release|x64.ActiveCfg = Release|Any CPU
		{37575A41-CE38-4BD7-B7E0-4465C895EE42}.Release|x64.Build.0 = Release|Any CPU
		{37575A41-CE38-4BD7-B7E0-4465C895EE42}.Release|x86.ActiveCfg = Release|Any CPU
		{37575A41-CE38-4BD7-B7E0-4465C895EE42}.Release|x86.Build.0 = Release|Any CPU
		{D5E50438-F7DE-4D56-85BC-0AC9A37598A4}.Debug|Any CPU.ActiveCfg = Debug|Any CPU
		{D5E50438-F7DE-4D56-85BC-0AC9A37598A4}.Debug|Any CPU.Build.0 = Debug|Any CPU
		{D5E50438-F7DE-4D56-85BC-0AC9A37598A4}.Debug|x64.ActiveCfg = Debug|Any CPU
		{D5E50438-F7DE-4D56-85BC-0AC9A37598A4}.Debug|x64.Build.0 = Debug|Any CPU
		{D5E50438-F7DE-4D56-85BC-0AC9A37598A4}.Debug|x86.ActiveCfg = Debug|Any CPU
		{D5E50438-F7DE-4D56-85BC-0AC9A37598A4}.Debug|x86.Build.0 = Debug|Any CPU
		{D5E50438-F7DE-4D56-85BC-0AC9A37598A4}.Release|Any CPU.ActiveCfg = Release|Any CPU
		{D5E50438-F7DE-4D56-85BC-0AC9A37598A4}.Release|Any CPU.Build.0 = Release|Any CPU
		{D5E50438-F7DE-4D56-85BC-0AC9A37598A4}.Release|x64.ActiveCfg = Release|Any CPU
		{D5E50438-F7DE-4D56-85BC-0AC9A37598A4}.Release|x64.Build.0 = Release|Any CPU
		{D5E50438-F7DE-4D56-85BC-0AC9A37598A4}.Release|x86.ActiveCfg = Release|Any CPU
		{D5E50438-F7DE-4D56-85BC-0AC9A37598A4}.Release|x86.Build.0 = Release|Any CPU
		{999A49A4-80D9-4B62-A9E7-B5AAA8AB50F3}.Debug|Any CPU.ActiveCfg = Debug|Any CPU
		{999A49A4-80D9-4B62-A9E7-B5AAA8AB50F3}.Debug|Any CPU.Build.0 = Debug|Any CPU
		{999A49A4-80D9-4B62-A9E7-B5AAA8AB50F3}.Debug|x64.ActiveCfg = Debug|Any CPU
		{999A49A4-80D9-4B62-A9E7-B5AAA8AB50F3}.Debug|x64.Build.0 = Debug|Any CPU
		{999A49A4-80D9-4B62-A9E7-B5AAA8AB50F3}.Debug|x86.ActiveCfg = Debug|Any CPU
		{999A49A4-80D9-4B62-A9E7-B5AAA8AB50F3}.Debug|x86.Build.0 = Debug|Any CPU
		{999A49A4-80D9-4B62-A9E7-B5AAA8AB50F3}.Release|Any CPU.ActiveCfg = Release|Any CPU
		{999A49A4-80D9-4B62-A9E7-B5AAA8AB50F3}.Release|Any CPU.Build.0 = Release|Any CPU
		{999A49A4-80D9-4B62-A9E7-B5AAA8AB50F3}.Release|x64.ActiveCfg = Release|Any CPU
		{999A49A4-80D9-4B62-A9E7-B5AAA8AB50F3}.Release|x64.Build.0 = Release|Any CPU
		{999A49A4-80D9-4B62-A9E7-B5AAA8AB50F3}.Release|x86.ActiveCfg = Release|Any CPU
		{999A49A4-80D9-4B62-A9E7-B5AAA8AB50F3}.Release|x86.Build.0 = Release|Any CPU
		{1E67F605-FB65-46B8-BB5E-C44DDFDBEFBA}.Debug|Any CPU.ActiveCfg = Debug|Any CPU
		{1E67F605-FB65-46B8-BB5E-C44DDFDBEFBA}.Debug|Any CPU.Build.0 = Debug|Any CPU
		{1E67F605-FB65-46B8-BB5E-C44DDFDBEFBA}.Debug|x64.ActiveCfg = Debug|Any CPU
		{1E67F605-FB65-46B8-BB5E-C44DDFDBEFBA}.Debug|x64.Build.0 = Debug|Any CPU
		{1E67F605-FB65-46B8-BB5E-C44DDFDBEFBA}.Debug|x86.ActiveCfg = Debug|Any CPU
		{1E67F605-FB65-46B8-BB5E-C44DDFDBEFBA}.Debug|x86.Build.0 = Debug|Any CPU
		{1E67F605-FB65-46B8-BB5E-C44DDFDBEFBA}.Release|Any CPU.ActiveCfg = Release|Any CPU
		{1E67F605-FB65-46B8-BB5E-C44DDFDBEFBA}.Release|Any CPU.Build.0 = Release|Any CPU
		{1E67F605-FB65-46B8-BB5E-C44DDFDBEFBA}.Release|x64.ActiveCfg = Release|Any CPU
		{1E67F605-FB65-46B8-BB5E-C44DDFDBEFBA}.Release|x64.Build.0 = Release|Any CPU
		{1E67F605-FB65-46B8-BB5E-C44DDFDBEFBA}.Release|x86.ActiveCfg = Release|Any CPU
		{1E67F605-FB65-46B8-BB5E-C44DDFDBEFBA}.Release|x86.Build.0 = Release|Any CPU
	EndGlobalSection
	GlobalSection(NestedProjects) = preSolution
		{D5E50438-F7DE-4D56-85BC-0AC9A37598A4} = {E9661726-22E2-4904-9DFA-7139B3775FC6}
	EndGlobalSection
EndGlobal
